{
  "nodes": {
    "flake-utils": {
      "locked": {
        "lastModified": 1642700792,
        "narHash": "sha256-XqHrk7hFb+zBvRg6Ghl+AZDq03ov6OshJLiSWOoX5es=",
        "owner": "numtide",
        "repo": "flake-utils",
        "rev": "846b2ae0fc4cc943637d3d1def4454213e203cba",
        "type": "github"
      },
      "original": {
        "owner": "numtide",
        "repo": "flake-utils",
        "type": "github"
      }
    },
    "flake-utils_2": {
      "locked": {
        "lastModified": 1601282935,
        "narHash": "sha256-WQAFV6sGGQxrRs3a+/Yj9xUYvhTpukQJIcMbIi7LCJ4=",
        "owner": "numtide",
        "repo": "flake-utils",
        "rev": "588973065fce51f4763287f0fda87a174d78bf48",
        "type": "github"
      },
      "original": {
        "owner": "numtide",
        "repo": "flake-utils",
        "type": "github"
      }
    },
    "mach-nix": {
      "inputs": {
        "flake-utils": "flake-utils_2",
        "nixpkgs": "nixpkgs",
        "pypi-deps-db": "pypi-deps-db"
      },
      "locked": {
        "lastModified": 1641328265,
        "narHash": "sha256-ji+2JD5Goc/vMobOMM0RHfvV+W3bxfFG0mYq8ACTY4k=",
        "owner": "DavHau",
        "repo": "mach-nix",
        "rev": "bdc97ba6b2ecd045a467b008cff4ae337b6a7a6b",
        "type": "github"
      },
      "original": {
        "owner": "DavHau",
        "repo": "mach-nix",
        "type": "github"
      }
    },
    "nixpkgs": {
      "locked": {
        "lastModified": 1622797669,
        "narHash": "sha256-xIyWeoYExzF0KNaKcqfxEX58fN4JTIQxTJWbsAujllc=",
        "owner": "NixOS",
        "repo": "nixpkgs",
        "rev": "1ca6b0a0cc38dbba0441202535c92841dd39d1ae",
        "type": "github"
      },
      "original": {
        "id": "nixpkgs",
        "ref": "nixos-unstable",
        "type": "indirect"
      }
    },
    "nixpkgs-1000teslas": {
      "locked": {
        "lastModified": 1643678606,
        "narHash": "sha256-2bnUHGYneny99lISE6l9W64CGX9Vk1A3A0azganHmnM=",
        "owner": "1000teslas",
        "repo": "nixpkgs",
        "rev": "5ca517bf80ad37d206a34e90fa2176a81f7eb6d0",
        "type": "github"
      },
      "original": {
        "owner": "1000teslas",
        "ref": "isabelle",
        "repo": "nixpkgs",
        "type": "github"
      }
    },
    "nixpkgs-master": {
      "locked": {
        "lastModified": 1643639519,
        "narHash": "sha256-mzGfwcxpdM1vyb4Iq/PQS317KEPI44gPFc+mVV84A8c=",
        "owner": "nixos",
        "repo": "nixpkgs",
        "rev": "7cade6a13b3fe2a0858b628d5b465a626fc3c0f0",
        "type": "github"
      },
      "original": {
        "owner": "nixos",
        "ref": "master",
        "repo": "nixpkgs",
        "type": "github"
      }
    },
    "nixpkgs_2": {
      "locked": {
        "lastModified": 1643148353,
        "narHash": "sha256-VMX2quZAFjCoAFzQX23ALsLNA7Y6d6qSNIvz1ySj2iY=",
        "owner": "nixos",
        "repo": "nixpkgs",
        "rev": "b3d86c56c786ad9530f1400adbd4dfac3c42877b",
        "type": "github"
      },
      "original": {
        "owner": "nixos",
        "ref": "nixos-21.11",
        "repo": "nixpkgs",
        "type": "github"
      }
    },
    "pypi-deps-db": {
      "flake": false,
      "locked": {
        "lastModified": 1622970040,
        "narHash": "sha256-u//RFnae/XMIhoy83G2uH2Qu/1LiUhVCdwwY1xj4Ufs=",
        "owner": "DavHau",
        "repo": "pypi-deps-db",
        "rev": "be6591698c67a86a69c81fef72167e38d038a9fc",
        "type": "github"
      },
      "original": {
        "owner": "DavHau",
        "repo": "pypi-deps-db",
        "type": "github"
      }
    },
    "root": {
      "inputs": {
        "flake-utils": "flake-utils",
        "mach-nix": "mach-nix",
        "nixpkgs": "nixpkgs_2",
        "nixpkgs-1000teslas": "nixpkgs-1000teslas",
        "nixpkgs-master": "nixpkgs-master"
      }
    }
  },
  "root": "root",
  "version": 7
}
